hash: 022f585d4668df9f4b3a8417ddc3ffc4f50a811d4e2ae77aa6ebda9723c18a9a
updated: 2016-03-13T12:16:19.05196017+02:00
imports:
- name: github.com/codegangsta/cli
  version: aca5b047ed14d17224157c3434ea93bf6cdaadee
- name: github.com/coreos/fleet
  version: c05214e9019b58c0beebb6bcc907ea1ee61def4b
  subpackages:
  - Godeps/_workspace/src/github.com/coreos/etcd/client
  - Godeps/_workspace/src/golang.org/x/net/context
  - client
  - registry
  - schema
  - Godeps/_workspace/src/github.com/coreos/etcd/pkg/types
  - Godeps/_workspace/src/google.golang.org/api/googleapi
  - job
  - machine
  - Godeps/_workspace/src/github.com/coreos/go-semver/semver
  - log
  - pkg
  - pkg/lease
  - unit
  - Godeps/_workspace/src/github.com/coreos/go-systemd/unit
  - Godeps/_workspace/src/google.golang.org/api/googleapi/internal/uritemplates
  - Godeps/_workspace/src/github.com/docker/libcontainer/netlink
  - Godeps/_workspace/src/github.com/jonboulle/clockwork
- name: github.com/coreos/go-etcd
  version: 003851be7bb0694fe3cc457a49529a19388ee7cf
  subpackages:
  - etcd
- name: github.com/fsouza/go-dockerclient
  version: cec3f19b1d800de38185ec0e08446156254ec463
  subpackages:
  - external/github.com/docker/docker/opts
  - external/github.com/docker/docker/pkg/archive
  - external/github.com/docker/docker/pkg/fileutils
  - external/github.com/docker/docker/pkg/homedir
  - external/github.com/docker/docker/pkg/stdcopy
  - external/github.com/hashicorp/go-cleanhttp
  - external/github.com/Sirupsen/logrus
  - external/github.com/docker/docker/pkg/idtools
  - external/github.com/docker/docker/pkg/ioutils
  - external/github.com/docker/docker/pkg/pools
  - external/github.com/docker/docker/pkg/promise
  - external/github.com/docker/docker/pkg/system
  - external/github.com/docker/docker/pkg/longpath
  - external/github.com/opencontainers/runc/libcontainer/user
  - external/golang.org/x/sys/unix
  - external/golang.org/x/net/context
  - external/github.com/docker/go-units
- name: github.com/golang/glog
  version: 23def4e6c14b4da8ac2ed8007337bc5eb5007998
- name: github.com/niniwzw/etcdlock
  version: 7ce3dd2d4889443e53d22e14571b12111df4f92e
- name: github.com/satori/go.uuid
  version: e673fdd4dea8a7334adbbe7f57b7e4b00bdc5502
- name: github.com/ugorji/go
  version: 187fa0f8af224437e08ecb3f208c4d1a94859a61
  subpackages:
  - codec
- name: gopkg.in/yaml.v2
  version: a83829b6f1293c91addabc89d0571c246397bbf4
devImports: []
