hash: 108a0fc09d7b15035d5cb8f552f742f28653088edaf4ab1d7ca8d51a151b4f36
updated: 2016-08-15T09:21:53.487579578+03:00
imports:
- name: github.com/cloudfoundry-incubator/candiedyaml
  version: 99c3df83b51532e3615f851d8c2dbb638f5313bf
- name: github.com/coreos/fleet
  version: c05214e9019b58c0beebb6bcc907ea1ee61def4b
  subpackages:
  - Godeps/_workspace/src/github.com/coreos/etcd/client
  - Godeps/_workspace/src/golang.org/x/net/context
  - client
  - registry
  - schema
  - Godeps/_workspace/src/github.com/coreos/etcd/pkg/types
  - Godeps/_workspace/src/google.golang.org/api/googleapi
  - job
  - machine
  - Godeps/_workspace/src/github.com/coreos/go-semver/semver
  - log
  - pkg
  - pkg/lease
  - unit
  - Godeps/_workspace/src/github.com/coreos/go-systemd/unit
  - Godeps/_workspace/src/google.golang.org/api/googleapi/internal/uritemplates
  - Godeps/_workspace/src/github.com/docker/libcontainer/netlink
  - Godeps/_workspace/src/github.com/jonboulle/clockwork
- name: github.com/coreos/go-etcd
  version: 003851be7bb0694fe3cc457a49529a19388ee7cf
  subpackages:
  - etcd
- name: github.com/fsouza/go-dockerclient
  version: 107dc3807d24e581e874212dd9a7ba35599b893d
- name: github.com/ghodss/yaml
  version: aa0c862057666179de291b67d9f093d12b5a8473
- name: github.com/golang/glog
  version: 23def4e6c14b4da8ac2ed8007337bc5eb5007998
- name: github.com/mattn/go-runewidth
  version: d6bea18f789704b5f83375793155289da36a3c7f
- name: github.com/niniwzw/etcdlock
  version: 7ce3dd2d4889443e53d22e14571b12111df4f92e
- name: github.com/olekukonko/tablewriter
  version: daf2955e742cf123959884fdff4685aa79b63135
- name: github.com/satori/go.uuid
  version: 879c5887cd475cd7864858769793b2ceb0d44feb
- name: github.com/ugorji/go
  version: b94837a2404ab90efe9289e77a70694c355739cb
  subpackages:
  - codec
- name: gopkg.in/urfave/cli.v1
  version: 1efa31f08b9333f1bd4882d61f9d668a70cd902e
- name: gopkg.in/yaml.v2
  version: a83829b6f1293c91addabc89d0571c246397bbf4
devImports: []
