hash: 7a1e50b35c0562612e91088aa8af98e5ecd23d53faeed36b94d943b38dba0890
updated: 2016-03-09T16:04:31.875736888+02:00
imports:
- name: github.com/coreos/fleet
  version: c05214e9019b58c0beebb6bcc907ea1ee61def4b
  subpackages:
  - Godeps/_workspace/src/github.com/coreos/etcd/client
  - Godeps/_workspace/src/golang.org/x/net/context
  - client
  - registry
  - schema
  - Godeps/_workspace/src/github.com/coreos/etcd/pkg/types
  - Godeps/_workspace/src/google.golang.org/api/googleapi
  - job
  - machine
  - Godeps/_workspace/src/github.com/coreos/go-semver/semver
  - log
  - pkg
  - pkg/lease
  - unit
  - Godeps/_workspace/src/github.com/coreos/go-systemd/unit
  - Godeps/_workspace/src/google.golang.org/api/googleapi/internal/uritemplates
  - Godeps/_workspace/src/github.com/docker/libcontainer/netlink
  - Godeps/_workspace/src/github.com/jonboulle/clockwork
- name: github.com/coreos/go-etcd
  version: 003851be7bb0694fe3cc457a49529a19388ee7cf
  subpackages:
  - etcd
- name: github.com/fsouza/go-dockerclient
  version: 9b6c9720043b74304a6dd07a2a901d16e7bf3d3d
- name: github.com/golang/glog
  version: 23def4e6c14b4da8ac2ed8007337bc5eb5007998
- name: github.com/niniwzw/etcdlock
  version: 7ce3dd2d4889443e53d22e14571b12111df4f92e
- name: github.com/satori/go.uuid
  version: e673fdd4dea8a7334adbbe7f57b7e4b00bdc5502
- name: github.com/ugorji/go
  version: 187fa0f8af224437e08ecb3f208c4d1a94859a61
  subpackages:
  - codec
devImports: []
